
Microsoft Visual Studio Solution File, Format Version 12.00
# Visual Studio 15
VisualStudioVersion = 15.0.28307.329
MinimumVisualStudioVersion = 10.0.40219.1
Project("{FAE04EC0-301F-11D3-BF4B-00C04F79EFBC}") = "Webaruhaz", "Webaruhaz\Webaruhaz.csproj", "{61AF44A7-CFE4-4829-958F-6EB5ACBC0D77}"
EndProject
Project("{00D1A9C2-B5F0-4AF3-8072-F6C62B433612}") = "Webaruhazdb", "Webaruhazdb\Webaruhazdb.sqlproj", "{65E1AC57-0EED-4030-8361-2A4DE154C3CD}"
EndProject
Global
	GlobalSection(SolutionConfigurationPlatforms) = preSolution
		Debug|Any CPU = Debug|Any CPU
		Release|Any CPU = Release|Any CPU
	EndGlobalSection
	GlobalSection(ProjectConfigurationPlatforms) = postSolution
		{61AF44A7-CFE4-4829-958F-6EB5ACBC0D77}.Debug|Any CPU.ActiveCfg = Debug|Any CPU
		{61AF44A7-CFE4-4829-958F-6EB5ACBC0D77}.Debug|Any CPU.Build.0 = Debug|Any CPU
		{61AF44A7-CFE4-4829-958F-6EB5ACBC0D77}.Release|Any CPU.ActiveCfg = Release|Any CPU
		{61AF44A7-CFE4-4829-958F-6EB5ACBC0D77}.Release|Any CPU.Build.0 = Release|Any CPU
		{65E1AC57-0EED-4030-8361-2A4DE154C3CD}.Debug|Any CPU.ActiveCfg = Debug|Any CPU
		{65E1AC57-0EED-4030-8361-2A4DE154C3CD}.Debug|Any CPU.Build.0 = Debug|Any CPU
		{65E1AC57-0EED-4030-8361-2A4DE154C3CD}.Debug|Any CPU.Deploy.0 = Debug|Any CPU
		{65E1AC57-0EED-4030-8361-2A4DE154C3CD}.Release|Any CPU.ActiveCfg = Release|Any CPU
		{65E1AC57-0EED-4030-8361-2A4DE154C3CD}.Release|Any CPU.Build.0 = Release|Any CPU
		{65E1AC57-0EED-4030-8361-2A4DE154C3CD}.Release|Any CPU.Deploy.0 = Release|Any CPU
	EndGlobalSection
	GlobalSection(SolutionProperties) = preSolution
		HideSolutionNode = FALSE
	EndGlobalSection
	GlobalSection(ExtensibilityGlobals) = postSolution
		SolutionGuid = {2261186D-A9BB-405C-8942-31BCDCD0596F}
	EndGlobalSection
EndGlobal
